// !$*UTF8*$!
{
	archiveVersion = 1;
	classes = {
	};
	objectVersion = 77;
	objects = {

/* Begin PBXBuildFile section */
		09F316FEB844DADD7BB56FA0 /* BiomechanicsEngineTests.swift in Sources */ = {isa = PBXBuildFile; fileRef = 9FBB61D8C741E63DC489648A /* BiomechanicsEngineTests.swift */; };
		0DF63EA8693F3E7FFA9CA9F9 /* DrillPracticeEvent.swift in Sources */ = {isa = PBXBuildFile; fileRef = A02C2D4F4B5C8F20065E2B25 /* DrillPracticeEvent.swift */; };
		0E9877EFAFE15EBB8E2F77DE /* PrivacyInfo.xcprivacy in Resources */ = {isa = PBXBuildFile; fileRef = 8EE7A8C38BF18F6B32F66898 /* PrivacyInfo.xcprivacy */; };
		116C5409AA0CEAE92A9B1410 /* SwimTCNRunnerTests.swift in Sources */ = {isa = PBXBuildFile; fileRef = 40633BA21614795097855CE9 /* SwimTCNRunnerTests.swift */; };
		1196B0A2E342B9F875B025C3 /* ResultsView.swift in Sources */ = {isa = PBXBuildFile; fileRef = B85E8B75FE6C1C7F07C21F67 /* ResultsView.swift */; };
		13D90FB0157D9328BCD236C2 /* SwimSessionTests.swift in Sources */ = {isa = PBXBuildFile; fileRef = B06C0AA352DE7728EADB818C /* SwimSessionTests.swift */; };
		14B05EEA799271B4798D90B7 /* OverlayVideoExporter.swift in Sources */ = {isa = PBXBuildFile; fileRef = 983DF83A1982B648EA414060 /* OverlayVideoExporter.swift */; };
		156576D51755F50A71F0E08E /* SpaceGrotesk-Medium.ttf in Resources */ = {isa = PBXBuildFile; fileRef = 3A9CE282550C08C6A515A0E9 /* SpaceGrotesk-Medium.ttf */; };
		15A029877A18065E055732B8 /* FeedbackEngine.swift in Sources */ = {isa = PBXBuildFile; fileRef = 24D0FE1E737A492DAB89A346 /* FeedbackEngine.swift */; };
		1761B3D81C1BE2041A855BFB /* SwimSession.swift in Sources */ = {isa = PBXBuildFile; fileRef = 52C6D30A519EEDA7A9575174 /* SwimSession.swift */; };
		1E33B457C06BD3FCBF26C983 /* AboutView.swift in Sources */ = {isa = PBXBuildFile; fileRef = 0A49C168A6001543BF9CD78C /* AboutView.swift */; };
		1E434E4BF11307292CFCF251 /* ReportCardTests.swift in Sources */ = {isa = PBXBuildFile; fileRef = A2DAC39555DB6C2DA1DF8CE8 /* ReportCardTests.swift */; };
		1F6B827E4FD8ECD28321D4FA /* LevelMonitor.swift in Sources */ = {isa = PBXBuildFile; fileRef = 058CDD9AB205E722F6E0442B /* LevelMonitor.swift */; };
		1F9FB56A83609471F8D87697 /* SessionFilter.swift in Sources */ = {isa = PBXBuildFile; fileRef = CA67BB92F29577B965B6D2E4 /* SessionFilter.swift */; };
		1FC82D44803A100487309E60 /* SpaceGrotesk-Regular.ttf in Resources */ = {isa = PBXBuildFile; fileRef = 1BF7185FE87172D94D300296 /* SpaceGrotesk-Regular.ttf */; };
		2703249E05512D971EF62E81 /* SmokeUITests.swift in Sources */ = {isa = PBXBuildFile; fileRef = C5253D1FE2BD2528D422DC30 /* SmokeUITests.swift */; };
		2815930944855657E8A7EB06 /* HomeView.swift in Sources */ = {isa = PBXBuildFile; fileRef = 2D8EDC90DCD052513240CF58 /* HomeView.swift */; };
		2B4A833E943ADA09095C2271 /* WhatsNewSheet.swift in Sources */ = {isa = PBXBuildFile; fileRef = 0CE0D76E0735856376DBDFDF /* WhatsNewSheet.swift */; };
		2C037FB55C31ECC528152394 /* SessionVideoStore.swift in Sources */ = {isa = PBXBuildFile; fileRef = 3998D8ED79F51711A0E32A6D /* SessionVideoStore.swift */; };
		2D3FB6852995E34951EDB73E /* VideoTransformTests.swift in Sources */ = {isa = PBXBuildFile; fileRef = 6E5C39CD071B8B9A74F6A45B /* VideoTransformTests.swift */; };
		2D40371DC278AB39902B6CFF /* OFL.txt in Resources */ = {isa = PBXBuildFile; fileRef = 73EF644DB5F84FB24F8FDA4B /* OFL.txt */; };
		310CB56C4250CC47283D5AD5 /* AppRouter.swift in Sources */ = {isa = PBXBuildFile; fileRef = 0C9AF84062ACF5A998A19DC6 /* AppRouter.swift */; };
		3765FE3260482B50917F927A /* SessionExportTests.swift in Sources */ = {isa = PBXBuildFile; fileRef = 6868AD80A9E69F4E03AFBC3D /* SessionExportTests.swift */; };
		3817ECA74C307C1A675BDD09 /* FeatureExtractor.swift in Sources */ = {isa = PBXBuildFile; fileRef = BB690A28D61D3F1A6383E7ED /* FeatureExtractor.swift */; };
		39A0758B17361B3A08098E43 /* OnboardingView.swift in Sources */ = {isa = PBXBuildFile; fileRef = 98186D217795042F6E6B7D7A /* OnboardingView.swift */; };
		425EEA4E5FE5FB6C3C333A82 /* PoseAnalyzer.swift in Sources */ = {isa = PBXBuildFile; fileRef = BC7AC16B5947422B2E7E9FC0 /* PoseAnalyzer.swift */; };
		4529CE69E4735D29DD9A364E /* DrillCatalog.swift in Sources */ = {isa = PBXBuildFile; fileRef = 6F1C5CC95E42646636CE665F /* DrillCatalog.swift */; };
		4769E21B8981C4D77BF4D01B /* TrainingLog.swift in Sources */ = {isa = PBXBuildFile; fileRef = 2D334215248B1046E54DC5BF /* TrainingLog.swift */; };
		48AB4C100E6842402B6589CF /* SessionComparisonTests.swift in Sources */ = {isa = PBXBuildFile; fileRef = 8F2E3F6059812F50F6CD6F07 /* SessionComparisonTests.swift */; };
		4CE292A8943BD4E8BA57E2E1 /* CoachingService.swift in Sources */ = {isa = PBXBuildFile; fileRef = 730F3A8523C913A0E0248CDD /* CoachingService.swift */; };
		50D1AE085B8472446B1A7E08 /* FoundationModels.framework in Frameworks */ = {isa = PBXBuildFile; fileRef = EE9BA827876E8FAE3D764408 /* FoundationModels.framework */; settings = {ATTRIBUTES = (Weak, ); }; };
		52704D0C93B4B8D1A0D50CAA /* LevelMathTests.swift in Sources */ = {isa = PBXBuildFile; fileRef = 55B42BDC1F60A78BB7C517EB /* LevelMathTests.swift */; };
		576F12DE83ED304722849181 /* AnalysisResult.swift in Sources */ = {isa = PBXBuildFile; fileRef = E15435D6D8D4115CA4CB9A9B /* AnalysisResult.swift */; };
		587186C09D23A6475D1168D5 /* KeypointFrame.swift in Sources */ = {isa = PBXBuildFile; fileRef = EB41DA1B0CADFE8AF96B3B07 /* KeypointFrame.swift */; };
		596F90194883FCE42C428A75 /* CompareView.swift in Sources */ = {isa = PBXBuildFile; fileRef = ECAC6C76DBE9C4FCC419F4B7 /* CompareView.swift */; };
		5AC6297BE8258500F7D893CD /* DrillsView.swift in Sources */ = {isa = PBXBuildFile; fileRef = D027762C9F6FC33526494B6F /* DrillsView.swift */; };
		5F86F0DA01048214F3837B6A /* HomeCards.swift in Sources */ = {isa = PBXBuildFile; fileRef = A1435BBBBBF97D7EE43DC669 /* HomeCards.swift */; };
		65258AE9AAB861535BCE1B82 /* swim_test.mp4 in Resources */ = {isa = PBXBuildFile; fileRef = 5A2F9DB942BC722144C7D4CC /* swim_test.mp4 */; };
		672EC66C3ADDBBAC9CE60AD8 /* ImportedVideo.swift in Sources */ = {isa = PBXBuildFile; fileRef = 869DD420BA54EE808DAA8590 /* ImportedVideo.swift */; };
		6F7E63FDBAC3120338F9FF7A /* DesignSystem.swift in Sources */ = {isa = PBXBuildFile; fileRef = 1F34C674C2A88A6BD022FD1F /* DesignSystem.swift */; };
		7228F23CAD0D288891D943BC /* SwimTCNRunner.swift in Sources */ = {isa = PBXBuildFile; fileRef = 4452B7724E049C1FA68E9025 /* SwimTCNRunner.swift */; };
		72DC4DEB5E73DCB89144453F /* swim_tcn.mlpackage in Sources */ = {isa = PBXBuildFile; fileRef = 8B9F40BF0F2CECB806C42A48 /* swim_tcn.mlpackage */; };
		76DA86DFB3778BE9E0ED8025 /* DrillCatalogTests.swift in Sources */ = {isa = PBXBuildFile; fileRef = B1AA40952F1533417611DE8E /* DrillCatalogTests.swift */; };
		78B84EAA41F09EB2FF2417A3 /* AnalyzingView.swift in Sources */ = {isa = PBXBuildFile; fileRef = 14AC560CE3C7B75914B49079 /* AnalyzingView.swift */; };
		859AD7AE16F22FD47E69B08B /* SessionFilterTests.swift in Sources */ = {isa = PBXBuildFile; fileRef = 7B732C3B50E0D87F181B63E4 /* SessionFilterTests.swift */; };
		882E09529C740DB2446619E9 /* SwimCoachApp.swift in Sources */ = {isa = PBXBuildFile; fileRef = E721FA48603268C362E7F84E /* SwimCoachApp.swift */; };
		88505CD0796817BAA863672C /* FocusFault.swift in Sources */ = {isa = PBXBuildFile; fileRef = 440FD098C083BE63E4C44154 /* FocusFault.swift */; };
		891CF910DEBA723A864C953E /* TechniqueIssue.swift in Sources */ = {isa = PBXBuildFile; fileRef = 228631A15A23306938ED17ED /* TechniqueIssue.swift */; };
		8D44D7ABE00975B59F50A23F /* IssueTrendTests.swift in Sources */ = {isa = PBXBuildFile; fileRef = 0F22E293B4BD707148F41A19 /* IssueTrendTests.swift */; };
		944F046C848F3370BA9966DA /* RootView.swift in Sources */ = {isa = PBXBuildFile; fileRef = 5321399BE9F3645B9111A95C /* RootView.swift */; };
		96333E9BF629DC3E167FC3C7 /* Sparkline.swift in Sources */ = {isa = PBXBuildFile; fileRef = 9A59A49638F1335B4DE0B04D /* Sparkline.swift */; };
		99FD6C30E05CF624EE90AE1A /* Assets.xcassets in Resources */ = {isa = PBXBuildFile; fileRef = 50E3FF3C10BF299B700EBF8A /* Assets.xcassets */; };
		9AB3F3314B67D293DBB5D3F7 /* HistoryView.swift in Sources */ = {isa = PBXBuildFile; fileRef = D31C0FDB5AD5DC59E0B820A9 /* HistoryView.swift */; };
		A25AF3BF4A7B97D169314265 /* IssueWindowTests.swift in Sources */ = {isa = PBXBuildFile; fileRef = AD161114DD1D2892C9515515 /* IssueWindowTests.swift */; };
		A3B1E9443D343FF9B5564F05 /* TrainingLogTests.swift in Sources */ = {isa = PBXBuildFile; fileRef = A2A8A3C1E5A6B64B00D0A20B /* TrainingLogTests.swift */; };
		A55C8C4B1FCE196C5B445113 /* ReportCardView.swift in Sources */ = {isa = PBXBuildFile; fileRef = 1DA260E8E7098342EEBFE586 /* ReportCardView.swift */; };
		A58B3D216C76EE2B7B9460C1 /* CameraManager.swift in Sources */ = {isa = PBXBuildFile; fileRef = 1D7CDB20F3A4841EE3E9036C /* CameraManager.swift */; };
		A83D57DAC1237DD9C5EC6ABC /* AppLog.swift in Sources */ = {isa = PBXBuildFile; fileRef = 1962A1582111C7A9B84F96A3 /* AppLog.swift */; };
		AA29DBE6EB93F2C57D6881FF /* FeatureExtractorTests.swift in Sources */ = {isa = PBXBuildFile; fileRef = A907F81648375699CBDD9F16 /* FeatureExtractorTests.swift */; };
		AB95CEAB12265A86D19CD3D7 /* IssueTimelineStrip.swift in Sources */ = {isa = PBXBuildFile; fileRef = EA0310224F538D191BF5071C /* IssueTimelineStrip.swift */; };
		B03EF14770A341DB035E8D42 /* IssueWindow.swift in Sources */ = {isa = PBXBuildFile; fileRef = B9D9E931537A6F52120C9319 /* IssueWindow.swift */; };
		B21693A6CF7528E594204809 /* VideoTransform.swift in Sources */ = {isa = PBXBuildFile; fileRef = 70E1CC5D111B6A5AAB5640BE /* VideoTransform.swift */; };
		B273B39A76FC83B7EDA6EA92 /* FocusFaultTests.swift in Sources */ = {isa = PBXBuildFile; fileRef = D8D016218CB2E6A0CE353E62 /* FocusFaultTests.swift */; };
		C02B70A87116FDBF215902FB /* WhatsNew.swift in Sources */ = {isa = PBXBuildFile; fileRef = 667FF8EEE7913666DD9CA4FD /* WhatsNew.swift */; };
		C2B20FFFF1976EEB632225AE /* FeedbackEngineTests.swift in Sources */ = {isa = PBXBuildFile; fileRef = 1797F4E153137F72A6BD0036 /* FeedbackEngineTests.swift */; };
		CBA6A54F8729E3AA33031F4E /* SessionExport.swift in Sources */ = {isa = PBXBuildFile; fileRef = 8F51D64597390CD17D508EC3 /* SessionExport.swift */; };
		CBCE9E2F7EDC6AEA156B6890 /* OverlayVideoExporterTests.swift in Sources */ = {isa = PBXBuildFile; fileRef = 9739E338795485459CA3A319 /* OverlayVideoExporterTests.swift */; };
		D07EC9D31F44F64DDB0BB8AE /* KeypointFrameTests.swift in Sources */ = {isa = PBXBuildFile; fileRef = DEA8FF9E13F542537501D049 /* KeypointFrameTests.swift */; };
		D457186B47170F1CE985F528 /* CameraView.swift in Sources */ = {isa = PBXBuildFile; fileRef = 5B7BECFC0E9326C22CD9437B /* CameraView.swift */; };
		D4FC40C9EB68313869E54CDF /* RealFootageParityTests.swift in Sources */ = {isa = PBXBuildFile; fileRef = F27FE30E58D75CC5B9C60737 /* RealFootageParityTests.swift */; };
		D5FE23FE206209F37B23BD2C /* SpaceGrotesk-Bold.ttf in Resources */ = {isa = PBXBuildFile; fileRef = 65121B38AC1FDF7DE043E733 /* SpaceGrotesk-Bold.ttf */; };
		D6C634BFF07A295BE4B5C063 /* BiomechanicsEngine.swift in Sources */ = {isa = PBXBuildFile; fileRef = 999E77ABACB021086D599CF9 /* BiomechanicsEngine.swift */; };
		D793450460E9BCA2A098D248 /* TrainingLogPanel.swift in Sources */ = {isa = PBXBuildFile; fileRef = 581473BB2D471E034BCE8FC8 /* TrainingLogPanel.swift */; };
		DB05C6679E2D249A3FD1BCBF /* Haptics.swift in Sources */ = {isa = PBXBuildFile; fileRef = CF5F95B5EFDE86670DAE8840 /* Haptics.swift */; };
		DB8F20BAB9A95732C7862ABE /* SessionComparison.swift in Sources */ = {isa = PBXBuildFile; fileRef = 6CF341904BDF6F1F4F63756E /* SessionComparison.swift */; };
		E81536F228A32D51B4F9E3C1 /* IssueTrend.swift in Sources */ = {isa = PBXBuildFile; fileRef = D7994303E7AA3F1A682B4A9E /* IssueTrend.swift */; };
		EAE106B664BE5C00D6C46588 /* RealFootageFixtures.swift in Sources */ = {isa = PBXBuildFile; fileRef = 38BEC6AD1A4C6B1F05ABD75F /* RealFootageFixtures.swift */; };
		EC86F60CC87902DDC7B82834 /* SkeletonOverlayView.swift in Sources */ = {isa = PBXBuildFile; fileRef = AC20876C011158E31B687438 /* SkeletonOverlayView.swift */; };
		F9E65DC9B6A9B81A6DF4B4C6 /* WeeklyGoalSheet.swift in Sources */ = {isa = PBXBuildFile; fileRef = B480143F382A8EF617A8858C /* WeeklyGoalSheet.swift */; };
		FC8EAEA27AFEDD75D67BAFF4 /* IssueRow.swift in Sources */ = {isa = PBXBuildFile; fileRef = A3F58D5D4BC3109B966FB868 /* IssueRow.swift */; };
/* End PBXBuildFile section */

/* Begin PBXContainerItemProxy section */
		6575546202E3DCF9FD9A8001 /* PBXContainerItemProxy */ = {
			isa = PBXContainerItemProxy;
			containerPortal = BB7B44C2545CE763E636EDD1 /* Project object */;
			proxyType = 1;
			remoteGlobalIDString = 101DD83805DD3500905E9CF4;
			remoteInfo = SwimCoach;
		};
		8568A3E3279E36BB7EEF9A8C /* PBXContainerItemProxy */ = {
			isa = PBXContainerItemProxy;
			containerPortal = BB7B44C2545CE763E636EDD1 /* Project object */;
			proxyType = 1;
			remoteGlobalIDString = 101DD83805DD3500905E9CF4;
			remoteInfo = SwimCoach;
		};
/* End PBXContainerItemProxy section */

/* Begin PBXFileReference section */
		058CDD9AB205E722F6E0442B /* LevelMonitor.swift */ = {isa = PBXFileReference; lastKnownFileType = sourcecode.swift; path = LevelMonitor.swift; sourceTree = "<group>"; };
		0A49C168A6001543BF9CD78C /* AboutView.swift */ = {isa = PBXFileReference; lastKnownFileType = sourcecode.swift; path = AboutView.swift; sourceTree = "<group>"; };
		0C9AF84062ACF5A998A19DC6 /* AppRouter.swift */ = {isa = PBXFileReference; lastKnownFileType = sourcecode.swift; path = AppRouter.swift; sourceTree = "<group>"; };
		0CE0D76E0735856376DBDFDF /* WhatsNewSheet.swift */ = {isa = PBXFileReference; lastKnownFileType = sourcecode.swift; path = WhatsNewSheet.swift; sourceTree = "<group>"; };
		0F22E293B4BD707148F41A19 /* IssueTrendTests.swift */ = {isa = PBXFileReference; lastKnownFileType = sourcecode.swift; path = IssueTrendTests.swift; sourceTree = "<group>"; };
		14AC560CE3C7B75914B49079 /* AnalyzingView.swift */ = {isa = PBXFileReference; lastKnownFileType = sourcecode.swift; path = AnalyzingView.swift; sourceTree = "<group>"; };
		1797F4E153137F72A6BD0036 /* FeedbackEngineTests.swift */ = {isa = PBXFileReference; lastKnownFileType = sourcecode.swift; path = FeedbackEngineTests.swift; sourceTree = "<group>"; };
		1962A1582111C7A9B84F96A3 /* AppLog.swift */ = {isa = PBXFileReference; lastKnownFileType = sourcecode.swift; path = AppLog.swift; sourceTree = "<group>"; };
		1BF7185FE87172D94D300296 /* SpaceGrotesk-Regular.ttf */ = {isa = PBXFileReference; lastKnownFileType = file; path = "SpaceGrotesk-Regular.ttf"; sourceTree = "<group>"; };
		1D7CDB20F3A4841EE3E9036C /* CameraManager.swift */ = {isa = PBXFileReference; lastKnownFileType = sourcecode.swift; path = CameraManager.swift; sourceTree = "<group>"; };
		1DA260E8E7098342EEBFE586 /* ReportCardView.swift */ = {isa = PBXFileReference; lastKnownFileType = sourcecode.swift; path = ReportCardView.swift; sourceTree = "<group>"; };
		1F34C674C2A88A6BD022FD1F /* DesignSystem.swift */ = {isa = PBXFileReference; lastKnownFileType = sourcecode.swift; path = DesignSystem.swift; sourceTree = "<group>"; };
		228631A15A23306938ED17ED /* TechniqueIssue.swift */ = {isa = PBXFileReference; lastKnownFileType = sourcecode.swift; path = TechniqueIssue.swift; sourceTree = "<group>"; };
		24D0FE1E737A492DAB89A346 /* FeedbackEngine.swift */ = {isa = PBXFileReference; lastKnownFileType = sourcecode.swift; path = FeedbackEngine.swift; sourceTree = "<group>"; };
		2D334215248B1046E54DC5BF /* TrainingLog.swift */ = {isa = PBXFileReference; lastKnownFileType = sourcecode.swift; path = TrainingLog.swift; sourceTree = "<group>"; };
		2D8EDC90DCD052513240CF58 /* HomeView.swift */ = {isa = PBXFileReference; lastKnownFileType = sourcecode.swift; path = HomeView.swift; sourceTree = "<group>"; };
		38BEC6AD1A4C6B1F05ABD75F /* RealFootageFixtures.swift */ = {isa = PBXFileReference; lastKnownFileType = sourcecode.swift; path = RealFootageFixtures.swift; sourceTree = "<group>"; };
		3998D8ED79F51711A0E32A6D /* SessionVideoStore.swift */ = {isa = PBXFileReference; lastKnownFileType = sourcecode.swift; path = SessionVideoStore.swift; sourceTree = "<group>"; };
		3A9CE282550C08C6A515A0E9 /* SpaceGrotesk-Medium.ttf */ = {isa = PBXFileReference; lastKnownFileType = file; path = "SpaceGrotesk-Medium.ttf"; sourceTree = "<group>"; };
		40633BA21614795097855CE9 /* SwimTCNRunnerTests.swift */ = {isa = PBXFileReference; lastKnownFileType = sourcecode.swift; path = SwimTCNRunnerTests.swift; sourceTree = "<group>"; };
		440FD098C083BE63E4C44154 /* FocusFault.swift */ = {isa = PBXFileReference; lastKnownFileType = sourcecode.swift; path = FocusFault.swift; sourceTree = "<group>"; };
		4452B7724E049C1FA68E9025 /* SwimTCNRunner.swift */ = {isa = PBXFileReference; lastKnownFileType = sourcecode.swift; path = SwimTCNRunner.swift; sourceTree = "<group>"; };
		50E3FF3C10BF299B700EBF8A /* Assets.xcassets */ = {isa = PBXFileReference; lastKnownFileType = folder.assetcatalog; path = Assets.xcassets; sourceTree = "<group>"; };
		52C6D30A519EEDA7A9575174 /* SwimSession.swift */ = {isa = PBXFileReference; lastKnownFileType = sourcecode.swift; path = SwimSession.swift; sourceTree = "<group>"; };
		5321399BE9F3645B9111A95C /* RootView.swift */ = {isa = PBXFileReference; lastKnownFileType = sourcecode.swift; path = RootView.swift; sourceTree = "<group>"; };
		55B42BDC1F60A78BB7C517EB /* LevelMathTests.swift */ = {isa = PBXFileReference; lastKnownFileType = sourcecode.swift; path = LevelMathTests.swift; sourceTree = "<group>"; };
		581473BB2D471E034BCE8FC8 /* TrainingLogPanel.swift */ = {isa = PBXFileReference; lastKnownFileType = sourcecode.swift; path = TrainingLogPanel.swift; sourceTree = "<group>"; };
		5A2F9DB942BC722144C7D4CC /* swim_test.mp4 */ = {isa = PBXFileReference; path = swim_test.mp4; sourceTree = "<group>"; };
		5B7BECFC0E9326C22CD9437B /* CameraView.swift */ = {isa = PBXFileReference; lastKnownFileType = sourcecode.swift; path = CameraView.swift; sourceTree = "<group>"; };
		65121B38AC1FDF7DE043E733 /* SpaceGrotesk-Bold.ttf */ = {isa = PBXFileReference; lastKnownFileType = file; path = "SpaceGrotesk-Bold.ttf"; sourceTree = "<group>"; };
		667FF8EEE7913666DD9CA4FD /* WhatsNew.swift */ = {isa = PBXFileReference; lastKnownFileType = sourcecode.swift; path = WhatsNew.swift; sourceTree = "<group>"; };
		6868AD80A9E69F4E03AFBC3D /* SessionExportTests.swift */ = {isa = PBXFileReference; lastKnownFileType = sourcecode.swift; path = SessionExportTests.swift; sourceTree = "<group>"; };
		6CF341904BDF6F1F4F63756E /* SessionComparison.swift */ = {isa = PBXFileReference; lastKnownFileType = sourcecode.swift; path = SessionComparison.swift; sourceTree = "<group>"; };
		6E5C39CD071B8B9A74F6A45B /* VideoTransformTests.swift */ = {isa = PBXFileReference; lastKnownFileType = sourcecode.swift; path = VideoTransformTests.swift; sourceTree = "<group>"; };
		6F1C5CC95E42646636CE665F /* DrillCatalog.swift */ = {isa = PBXFileReference; lastKnownFileType = sourcecode.swift; path = DrillCatalog.swift; sourceTree = "<group>"; };
		70E1CC5D111B6A5AAB5640BE /* VideoTransform.swift */ = {isa = PBXFileReference; lastKnownFileType = sourcecode.swift; path = VideoTransform.swift; sourceTree = "<group>"; };
		730F3A8523C913A0E0248CDD /* CoachingService.swift */ = {isa = PBXFileReference; lastKnownFileType = sourcecode.swift; path = CoachingService.swift; sourceTree = "<group>"; };
		73EF644DB5F84FB24F8FDA4B /* OFL.txt */ = {isa = PBXFileReference; lastKnownFileType = text; path = OFL.txt; sourceTree = "<group>"; };
		7B732C3B50E0D87F181B63E4 /* SessionFilterTests.swift */ = {isa = PBXFileReference; lastKnownFileType = sourcecode.swift; path = SessionFilterTests.swift; sourceTree = "<group>"; };
		869DD420BA54EE808DAA8590 /* ImportedVideo.swift */ = {isa = PBXFileReference; lastKnownFileType = sourcecode.swift; path = ImportedVideo.swift; sourceTree = "<group>"; };
		8B9F40BF0F2CECB806C42A48 /* swim_tcn.mlpackage */ = {isa = PBXFileReference; path = swim_tcn.mlpackage; sourceTree = "<group>"; };
		8EE7A8C38BF18F6B32F66898 /* PrivacyInfo.xcprivacy */ = {isa = PBXFileReference; path = PrivacyInfo.xcprivacy; sourceTree = "<group>"; };
		8F2E3F6059812F50F6CD6F07 /* SessionComparisonTests.swift */ = {isa = PBXFileReference; lastKnownFileType = sourcecode.swift; path = SessionComparisonTests.swift; sourceTree = "<group>"; };
		8F51D64597390CD17D508EC3 /* SessionExport.swift */ = {isa = PBXFileReference; lastKnownFileType = sourcecode.swift; path = SessionExport.swift; sourceTree = "<group>"; };
		9739E338795485459CA3A319 /* OverlayVideoExporterTests.swift */ = {isa = PBXFileReference; lastKnownFileType = sourcecode.swift; path = OverlayVideoExporterTests.swift; sourceTree = "<group>"; };
		98186D217795042F6E6B7D7A /* OnboardingView.swift */ = {isa = PBXFileReference; lastKnownFileType = sourcecode.swift; path = OnboardingView.swift; sourceTree = "<group>"; };
		983DF83A1982B648EA414060 /* OverlayVideoExporter.swift */ = {isa = PBXFileReference; lastKnownFileType = sourcecode.swift; path = OverlayVideoExporter.swift; sourceTree = "<group>"; };
		999E77ABACB021086D599CF9 /* BiomechanicsEngine.swift */ = {isa = PBXFileReference; lastKnownFileType = sourcecode.swift; path = BiomechanicsEngine.swift; sourceTree = "<group>"; };
		99AB87293A2C7FE01697E04D /* Info.plist */ = {isa = PBXFileReference; lastKnownFileType = text.plist; path = Info.plist; sourceTree = "<group>"; };
		9A59A49638F1335B4DE0B04D /* Sparkline.swift */ = {isa = PBXFileReference; lastKnownFileType = sourcecode.swift; path = Sparkline.swift; sourceTree = "<group>"; };
		9FBB61D8C741E63DC489648A /* BiomechanicsEngineTests.swift */ = {isa = PBXFileReference; lastKnownFileType = sourcecode.swift; path = BiomechanicsEngineTests.swift; sourceTree = "<group>"; };
		A02C2D4F4B5C8F20065E2B25 /* DrillPracticeEvent.swift */ = {isa = PBXFileReference; lastKnownFileType = sourcecode.swift; path = DrillPracticeEvent.swift; sourceTree = "<group>"; };
		A1435BBBBBF97D7EE43DC669 /* HomeCards.swift */ = {isa = PBXFileReference; lastKnownFileType = sourcecode.swift; path = HomeCards.swift; sourceTree = "<group>"; };
		A2A8A3C1E5A6B64B00D0A20B /* TrainingLogTests.swift */ = {isa = PBXFileReference; lastKnownFileType = sourcecode.swift; path = TrainingLogTests.swift; sourceTree = "<group>"; };
		A2DAC39555DB6C2DA1DF8CE8 /* ReportCardTests.swift */ = {isa = PBXFileReference; lastKnownFileType = sourcecode.swift; path = ReportCardTests.swift; sourceTree = "<group>"; };
		A3F58D5D4BC3109B966FB868 /* IssueRow.swift */ = {isa = PBXFileReference; lastKnownFileType = sourcecode.swift; path = IssueRow.swift; sourceTree = "<group>"; };
		A907F81648375699CBDD9F16 /* FeatureExtractorTests.swift */ = {isa = PBXFileReference; lastKnownFileType = sourcecode.swift; path = FeatureExtractorTests.swift; sourceTree = "<group>"; };
		AC20876C011158E31B687438 /* SkeletonOverlayView.swift */ = {isa = PBXFileReference; lastKnownFileType = sourcecode.swift; path = SkeletonOverlayView.swift; sourceTree = "<group>"; };
		AD161114DD1D2892C9515515 /* IssueWindowTests.swift */ = {isa = PBXFileReference; lastKnownFileType = sourcecode.swift; path = IssueWindowTests.swift; sourceTree = "<group>"; };
		B06C0AA352DE7728EADB818C /* SwimSessionTests.swift */ = {isa = PBXFileReference; lastKnownFileType = sourcecode.swift; path = SwimSessionTests.swift; sourceTree = "<group>"; };
		B1AA40952F1533417611DE8E /* DrillCatalogTests.swift */ = {isa = PBXFileReference; lastKnownFileType = sourcecode.swift; path = DrillCatalogTests.swift; sourceTree = "<group>"; };
		B480143F382A8EF617A8858C /* WeeklyGoalSheet.swift */ = {isa = PBXFileReference; lastKnownFileType = sourcecode.swift; path = WeeklyGoalSheet.swift; sourceTree = "<group>"; };
		B85E8B75FE6C1C7F07C21F67 /* ResultsView.swift */ = {isa = PBXFileReference; lastKnownFileType = sourcecode.swift; path = ResultsView.swift; sourceTree = "<group>"; };
		B9D9E931537A6F52120C9319 /* IssueWindow.swift */ = {isa = PBXFileReference; lastKnownFileType = sourcecode.swift; path = IssueWindow.swift; sourceTree = "<group>"; };
		BB690A28D61D3F1A6383E7ED /* FeatureExtractor.swift */ = {isa = PBXFileReference; lastKnownFileType = sourcecode.swift; path = FeatureExtractor.swift; sourceTree = "<group>"; };
		BC7AC16B5947422B2E7E9FC0 /* PoseAnalyzer.swift */ = {isa = PBXFileReference; lastKnownFileType = sourcecode.swift; path = PoseAnalyzer.swift; sourceTree = "<group>"; };
		C5253D1FE2BD2528D422DC30 /* SmokeUITests.swift */ = {isa = PBXFileReference; lastKnownFileType = sourcecode.swift; path = SmokeUITests.swift; sourceTree = "<group>"; };
		CA67BB92F29577B965B6D2E4 /* SessionFilter.swift */ = {isa = PBXFileReference; lastKnownFileType = sourcecode.swift; path = SessionFilter.swift; sourceTree = "<group>"; };
		CD911C621D22DBADBCCFC200 /* SwimCoachUITests.xctest */ = {isa = PBXFileReference; includeInIndex = 0; lastKnownFileType = wrapper.cfbundle; path = SwimCoachUITests.xctest; sourceTree = BUILT_PRODUCTS_DIR; };
		CF5F95B5EFDE86670DAE8840 /* Haptics.swift */ = {isa = PBXFileReference; lastKnownFileType = sourcecode.swift; path = Haptics.swift; sourceTree = "<group>"; };
		D027762C9F6FC33526494B6F /* DrillsView.swift */ = {isa = PBXFileReference; lastKnownFileType = sourcecode.swift; path = DrillsView.swift; sourceTree = "<group>"; };
		D31C0FDB5AD5DC59E0B820A9 /* HistoryView.swift */ = {isa = PBXFileReference; lastKnownFileType = sourcecode.swift; path = HistoryView.swift; sourceTree = "<group>"; };
		D527CB27BAD9FD1888FABA4D /* SwimCoachTests.xctest */ = {isa = PBXFileReference; includeInIndex = 0; lastKnownFileType = wrapper.cfbundle; path = SwimCoachTests.xctest; sourceTree = BUILT_PRODUCTS_DIR; };
		D7994303E7AA3F1A682B4A9E /* IssueTrend.swift */ = {isa = PBXFileReference; lastKnownFileType = sourcecode.swift; path = IssueTrend.swift; sourceTree = "<group>"; };
		D8D016218CB2E6A0CE353E62 /* FocusFaultTests.swift */ = {isa = PBXFileReference; lastKnownFileType = sourcecode.swift; path = FocusFaultTests.swift; sourceTree = "<group>"; };
		DEA8FF9E13F542537501D049 /* KeypointFrameTests.swift */ = {isa = PBXFileReference; lastKnownFileType = sourcecode.swift; path = KeypointFrameTests.swift; sourceTree = "<group>"; };
		E15435D6D8D4115CA4CB9A9B /* AnalysisResult.swift */ = {isa = PBXFileReference; lastKnownFileType = sourcecode.swift; path = AnalysisResult.swift; sourceTree = "<group>"; };
		E721FA48603268C362E7F84E /* SwimCoachApp.swift */ = {isa = PBXFileReference; lastKnownFileType = sourcecode.swift; path = SwimCoachApp.swift; sourceTree = "<group>"; };
		E7492F849CC9B8B622B93939 /* SwimCoach.app */ = {isa = PBXFileReference; includeInIndex = 0; lastKnownFileType = wrapper.application; path = SwimCoach.app; sourceTree = BUILT_PRODUCTS_DIR; };
		EA0310224F538D191BF5071C /* IssueTimelineStrip.swift */ = {isa = PBXFileReference; lastKnownFileType = sourcecode.swift; path = IssueTimelineStrip.swift; sourceTree = "<group>"; };
		EB41DA1B0CADFE8AF96B3B07 /* KeypointFrame.swift */ = {isa = PBXFileReference; lastKnownFileType = sourcecode.swift; path = KeypointFrame.swift; sourceTree = "<group>"; };
		ECAC6C76DBE9C4FCC419F4B7 /* CompareView.swift */ = {isa = PBXFileReference; lastKnownFileType = sourcecode.swift; path = CompareView.swift; sourceTree = "<group>"; };
		EE9BA827876E8FAE3D764408 /* FoundationModels.framework */ = {isa = PBXFileReference; lastKnownFileType = wrapper.framework; name = FoundationModels.framework; path = System/Library/Frameworks/FoundationModels.framework; sourceTree = SDKROOT; };
		F27FE30E58D75CC5B9C60737 /* RealFootageParityTests.swift */ = {isa = PBXFileReference; lastKnownFileType = sourcecode.swift; path = RealFootageParityTests.swift; sourceTree = "<group>"; };
/* End PBXFileReference section */

/* Begin PBXFrameworksBuildPhase section */
		162ED30EA5492D374847645C /* Frameworks */ = {
			isa = PBXFrameworksBuildPhase;
			buildActionMask = 2147483647;
			files = (
				50D1AE085B8472446B1A7E08 /* FoundationModels.framework in Frameworks */,
			);
			runOnlyForDeploymentPostprocessing = 0;
		};
/* End PBXFrameworksBuildPhase section */

/* Begin PBXGroup section */
		030CC4B701E8B3B721AF2672 /* Home */ = {
			isa = PBXGroup;
			children = (
				A1435BBBBBF97D7EE43DC669 /* HomeCards.swift */,
				2D8EDC90DCD052513240CF58 /* HomeView.swift */,
				9A59A49638F1335B4DE0B04D /* Sparkline.swift */,
				581473BB2D471E034BCE8FC8 /* TrainingLogPanel.swift */,
				B480143F382A8EF617A8858C /* WeeklyGoalSheet.swift */,
				0CE0D76E0735856376DBDFDF /* WhatsNewSheet.swift */,
			);
			path = Home;
			sourceTree = "<group>";
		};
		250B5A246B05DC00B6BD27FA /* Core */ = {
			isa = PBXGroup;
			children = (
				1962A1582111C7A9B84F96A3 /* AppLog.swift */,
				999E77ABACB021086D599CF9 /* BiomechanicsEngine.swift */,
				730F3A8523C913A0E0248CDD /* CoachingService.swift */,
				BB690A28D61D3F1A6383E7ED /* FeatureExtractor.swift */,
				24D0FE1E737A492DAB89A346 /* FeedbackEngine.swift */,
				CF5F95B5EFDE86670DAE8840 /* Haptics.swift */,
				869DD420BA54EE808DAA8590 /* ImportedVideo.swift */,
				983DF83A1982B648EA414060 /* OverlayVideoExporter.swift */,
				BC7AC16B5947422B2E7E9FC0 /* PoseAnalyzer.swift */,
				3998D8ED79F51711A0E32A6D /* SessionVideoStore.swift */,
				4452B7724E049C1FA68E9025 /* SwimTCNRunner.swift */,
				70E1CC5D111B6A5AAB5640BE /* VideoTransform.swift */,
			);
			path = Core;
			sourceTree = "<group>";
		};
		2C46DC385735A4FEE49AF1FB /* Resources */ = {
			isa = PBXGroup;
			children = (
				A96FB20AF3BA6F5D97244E51 /* Fonts */,
				8B9F40BF0F2CECB806C42A48 /* swim_tcn.mlpackage */,
				5A2F9DB942BC722144C7D4CC /* swim_test.mp4 */,
			);
			path = Resources;
			sourceTree = "<group>";
		};
		376F99D216F528CB58C092EE /* Results */ = {
			isa = PBXGroup;
			children = (
				A3F58D5D4BC3109B966FB868 /* IssueRow.swift */,
				EA0310224F538D191BF5071C /* IssueTimelineStrip.swift */,
				1DA260E8E7098342EEBFE586 /* ReportCardView.swift */,
				B85E8B75FE6C1C7F07C21F67 /* ResultsView.swift */,
				AC20876C011158E31B687438 /* SkeletonOverlayView.swift */,
			);
			path = Results;
			sourceTree = "<group>";
		};
		4823989B8E396A3B6EA90A60 /* Frameworks */ = {
			isa = PBXGroup;
			children = (
				EE9BA827876E8FAE3D764408 /* FoundationModels.framework */,
			);
			name = Frameworks;
			sourceTree = "<group>";
		};
		4E96E1D33E1430720C185F8E = {
			isa = PBXGroup;
			children = (
				D5A268019C1A284F1EB74BEB /* SwimCoach */,
				5E925C04E56CF821FEBF46A5 /* SwimCoachTests */,
				5A79E26B1E0AF69B06ADC6BA /* SwimCoachUITests */,
				4823989B8E396A3B6EA90A60 /* Frameworks */,
				EB36CC50D7B15DF66951170B /* Products */,
			);
			sourceTree = "<group>";
		};
		5A79E26B1E0AF69B06ADC6BA /* SwimCoachUITests */ = {
			isa = PBXGroup;
			children = (
				C5253D1FE2BD2528D422DC30 /* SmokeUITests.swift */,
			);
			path = SwimCoachUITests;
			sourceTree = "<group>";
		};
		5E925C04E56CF821FEBF46A5 /* SwimCoachTests */ = {
			isa = PBXGroup;
			children = (
				9FBB61D8C741E63DC489648A /* BiomechanicsEngineTests.swift */,
				B1AA40952F1533417611DE8E /* DrillCatalogTests.swift */,
				A907F81648375699CBDD9F16 /* FeatureExtractorTests.swift */,
				1797F4E153137F72A6BD0036 /* FeedbackEngineTests.swift */,
				D8D016218CB2E6A0CE353E62 /* FocusFaultTests.swift */,
				0F22E293B4BD707148F41A19 /* IssueTrendTests.swift */,
				AD161114DD1D2892C9515515 /* IssueWindowTests.swift */,
				DEA8FF9E13F542537501D049 /* KeypointFrameTests.swift */,
				55B42BDC1F60A78BB7C517EB /* LevelMathTests.swift */,
				9739E338795485459CA3A319 /* OverlayVideoExporterTests.swift */,
				38BEC6AD1A4C6B1F05ABD75F /* RealFootageFixtures.swift */,
				F27FE30E58D75CC5B9C60737 /* RealFootageParityTests.swift */,
				A2DAC39555DB6C2DA1DF8CE8 /* ReportCardTests.swift */,
				8F2E3F6059812F50F6CD6F07 /* SessionComparisonTests.swift */,
				6868AD80A9E69F4E03AFBC3D /* SessionExportTests.swift */,
				7B732C3B50E0D87F181B63E4 /* SessionFilterTests.swift */,
				B06C0AA352DE7728EADB818C /* SwimSessionTests.swift */,
				40633BA21614795097855CE9 /* SwimTCNRunnerTests.swift */,
				A2A8A3C1E5A6B64B00D0A20B /* TrainingLogTests.swift */,
				6E5C39CD071B8B9A74F6A45B /* VideoTransformTests.swift */,
			);
			path = SwimCoachTests;
			sourceTree = "<group>";
		};
		76FC1E5FE7DD59E3E0B37563 /* Onboarding */ = {
			isa = PBXGroup;
			children = (
				98186D217795042F6E6B7D7A /* OnboardingView.swift */,
			);
			path = Onboarding;
			sourceTree = "<group>";
		};
		7883FC20168C3697055A17AB /* About */ = {
			isa = PBXGroup;
			children = (
				0A49C168A6001543BF9CD78C /* AboutView.swift */,
			);
			path = About;
			sourceTree = "<group>";
		};
		93DC94BA38AC773578EAE7BD /* Camera */ = {
			isa = PBXGroup;
			children = (
				1D7CDB20F3A4841EE3E9036C /* CameraManager.swift */,
				5B7BECFC0E9326C22CD9437B /* CameraView.swift */,
				058CDD9AB205E722F6E0442B /* LevelMonitor.swift */,
			);
			path = Camera;
			sourceTree = "<group>";
		};
		A1FB475000FB096051047F86 /* Models */ = {
			isa = PBXGroup;
			children = (
				E15435D6D8D4115CA4CB9A9B /* AnalysisResult.swift */,
				6F1C5CC95E42646636CE665F /* DrillCatalog.swift */,
				A02C2D4F4B5C8F20065E2B25 /* DrillPracticeEvent.swift */,
				440FD098C083BE63E4C44154 /* FocusFault.swift */,
				D7994303E7AA3F1A682B4A9E /* IssueTrend.swift */,
				B9D9E931537A6F52120C9319 /* IssueWindow.swift */,
				EB41DA1B0CADFE8AF96B3B07 /* KeypointFrame.swift */,
				6CF341904BDF6F1F4F63756E /* SessionComparison.swift */,
				8F51D64597390CD17D508EC3 /* SessionExport.swift */,
				CA67BB92F29577B965B6D2E4 /* SessionFilter.swift */,
				52C6D30A519EEDA7A9575174 /* SwimSession.swift */,
				228631A15A23306938ED17ED /* TechniqueIssue.swift */,
				2D334215248B1046E54DC5BF /* TrainingLog.swift */,
				667FF8EEE7913666DD9CA4FD /* WhatsNew.swift */,
			);
			path = Models;
			sourceTree = "<group>";
		};
		A96FB20AF3BA6F5D97244E51 /* Fonts */ = {
			isa = PBXGroup;
			children = (
				73EF644DB5F84FB24F8FDA4B /* OFL.txt */,
				65121B38AC1FDF7DE043E733 /* SpaceGrotesk-Bold.ttf */,
				3A9CE282550C08C6A515A0E9 /* SpaceGrotesk-Medium.ttf */,
				1BF7185FE87172D94D300296 /* SpaceGrotesk-Regular.ttf */,
			);
			path = Fonts;
			sourceTree = "<group>";
		};
		C87DA6BF23BA100226A2DB28 /* Features */ = {
			isa = PBXGroup;
			children = (
				7883FC20168C3697055A17AB /* About */,
				DDDAB9A82EC9DE971ED49060 /* Analyzing */,
				93DC94BA38AC773578EAE7BD /* Camera */,
				CBB70D53DF69456A8EE0BDD4 /* Compare */,
				DDF9C250E449A6892ECDAF68 /* Drills */,
				EEC15F3EF56DF8A02DF296D3 /* History */,
				030CC4B701E8B3B721AF2672 /* Home */,
				76FC1E5FE7DD59E3E0B37563 /* Onboarding */,
				376F99D216F528CB58C092EE /* Results */,
			);
			path = Features;
			sourceTree = "<group>";
		};
		CBB70D53DF69456A8EE0BDD4 /* Compare */ = {
			isa = PBXGroup;
			children = (
				ECAC6C76DBE9C4FCC419F4B7 /* CompareView.swift */,
			);
			path = Compare;
			sourceTree = "<group>";
		};
		D5A268019C1A284F1EB74BEB /* SwimCoach */ = {
			isa = PBXGroup;
			children = (
				250B5A246B05DC00B6BD27FA /* Core */,
				E7B4DA7C9D8F20AF439E2770 /* Design */,
				C87DA6BF23BA100226A2DB28 /* Features */,
				A1FB475000FB096051047F86 /* Models */,
				EA1CC372BAB91BE92087F818 /* Navigation */,
				2C46DC385735A4FEE49AF1FB /* Resources */,
				50E3FF3C10BF299B700EBF8A /* Assets.xcassets */,
				99AB87293A2C7FE01697E04D /* Info.plist */,
				8EE7A8C38BF18F6B32F66898 /* PrivacyInfo.xcprivacy */,
				E721FA48603268C362E7F84E /* SwimCoachApp.swift */,
			);
			path = SwimCoach;
			sourceTree = "<group>";
		};
		DDDAB9A82EC9DE971ED49060 /* Analyzing */ = {
			isa = PBXGroup;
			children = (
				14AC560CE3C7B75914B49079 /* AnalyzingView.swift */,
			);
			path = Analyzing;
			sourceTree = "<group>";
		};
		DDF9C250E449A6892ECDAF68 /* Drills */ = {
			isa = PBXGroup;
			children = (
				D027762C9F6FC33526494B6F /* DrillsView.swift */,
			);
			path = Drills;
			sourceTree = "<group>";
		};
		E7B4DA7C9D8F20AF439E2770 /* Design */ = {
			isa = PBXGroup;
			children = (
				1F34C674C2A88A6BD022FD1F /* DesignSystem.swift */,
			);
			path = Design;
			sourceTree = "<group>";
		};
		EA1CC372BAB91BE92087F818 /* Navigation */ = {
			isa = PBXGroup;
			children = (
				0C9AF84062ACF5A998A19DC6 /* AppRouter.swift */,
				5321399BE9F3645B9111A95C /* RootView.swift */,
			);
			path = Navigation;
			sourceTree = "<group>";
		};
		EB36CC50D7B15DF66951170B /* Products */ = {
			isa = PBXGroup;
			children = (
				E7492F849CC9B8B622B93939 /* SwimCoach.app */,
				D527CB27BAD9FD1888FABA4D /* SwimCoachTests.xctest */,
				CD911C621D22DBADBCCFC200 /* SwimCoachUITests.xctest */,
			);
			name = Products;
			sourceTree = "<group>";
		};
		EEC15F3EF56DF8A02DF296D3 /* History */ = {
			isa = PBXGroup;
			children = (
				D31C0FDB5AD5DC59E0B820A9 /* HistoryView.swift */,
			);
			path = History;
			sourceTree = "<group>";
		};
/* End PBXGroup section */

/* Begin PBXNativeTarget section */
		101DD83805DD3500905E9CF4 /* SwimCoach */ = {
			isa = PBXNativeTarget;
			buildConfigurationList = 9C59477B52C910D60751F38F /* Build configuration list for PBXNativeTarget "SwimCoach" */;
			buildPhases = (
				CCD2221A460B95124595516F /* Sources */,
				FC2BD6FCB778C7C95819DE01 /* Resources */,
				162ED30EA5492D374847645C /* Frameworks */,
			);
			buildRules = (
			);
			dependencies = (
			);
			name = SwimCoach;
			packageProductDependencies = (
			);
			productName = SwimCoach;
			productReference = E7492F849CC9B8B622B93939 /* SwimCoach.app */;
			productType = "com.apple.product-type.application";
		};
		12C2C982386DAD7AB47F8355 /* SwimCoachTests */ = {
			isa = PBXNativeTarget;
			buildConfigurationList = 452CDC7648D173302D66CD0D /* Build configuration list for PBXNativeTarget "SwimCoachTests" */;
			buildPhases = (
				4908D754B53E791559F8E6AF /* Sources */,
			);
			buildRules = (
			);
			dependencies = (
				79ADD63486B2E577B2CFCBEB /* PBXTargetDependency */,
			);
			name = SwimCoachTests;
			packageProductDependencies = (
			);
			productName = SwimCoachTests;
			productReference = D527CB27BAD9FD1888FABA4D /* SwimCoachTests.xctest */;
			productType = "com.apple.product-type.bundle.unit-test";
		};
		175B7615EF7A4ADC47ADAE81 /* SwimCoachUITests */ = {
			isa = PBXNativeTarget;
			buildConfigurationList = 0630274A64001428EC0BC458 /* Build configuration list for PBXNativeTarget "SwimCoachUITests" */;
			buildPhases = (
				BFB1E00DD94E1E74FE1885F1 /* Sources */,
			);
			buildRules = (
			);
			dependencies = (
				8654E6088EB03F773AB8046B /* PBXTargetDependency */,
			);
			name = SwimCoachUITests;
			packageProductDependencies = (
			);
			productName = SwimCoachUITests;
			productReference = CD911C621D22DBADBCCFC200 /* SwimCoachUITests.xctest */;
			productType = "com.apple.product-type.bundle.ui-testing";
		};
/* End PBXNativeTarget section */

/* Begin PBXProject section */
		BB7B44C2545CE763E636EDD1 /* Project object */ = {
			isa = PBXProject;
			attributes = {
				BuildIndependentTargetsInParallel = YES;
				LastUpgradeCheck = 1430;
				TargetAttributes = {
					101DD83805DD3500905E9CF4 = {
						DevelopmentTeam = 4VH58A4KM6;
						ProvisioningStyle = Automatic;
					};
					12C2C982386DAD7AB47F8355 = {
						DevelopmentTeam = 4VH58A4KM6;
						ProvisioningStyle = Automatic;
					};
					175B7615EF7A4ADC47ADAE81 = {
						DevelopmentTeam = 4VH58A4KM6;
						ProvisioningStyle = Automatic;
						TestTargetID = 101DD83805DD3500905E9CF4;
					};
				};
			};
			buildConfigurationList = 008CC1079702032A5836EE2B /* Build configuration list for PBXProject "SwimCoach" */;
			developmentRegion = en;
			hasScannedForEncodings = 0;
			knownRegions = (
				Base,
				en,
			);
			mainGroup = 4E96E1D33E1430720C185F8E;
			minimizedProjectReferenceProxies = 1;
			preferredProjectObjectVersion = 77;
			productRefGroup = EB36CC50D7B15DF66951170B /* Products */;
			projectDirPath = "";
			projectRoot = "";
			targets = (
				101DD83805DD3500905E9CF4 /* SwimCoach */,
				12C2C982386DAD7AB47F8355 /* SwimCoachTests */,
				175B7615EF7A4ADC47ADAE81 /* SwimCoachUITests */,
			);
		};
/* End PBXProject section */

/* Begin PBXResourcesBuildPhase section */
		FC2BD6FCB778C7C95819DE01 /* Resources */ = {
			isa = PBXResourcesBuildPhase;
			buildActionMask = 2147483647;
			files = (
				99FD6C30E05CF624EE90AE1A /* Assets.xcassets in Resources */,
				2D40371DC278AB39902B6CFF /* OFL.txt in Resources */,
				0E9877EFAFE15EBB8E2F77DE /* PrivacyInfo.xcprivacy in Resources */,
				D5FE23FE206209F37B23BD2C /* SpaceGrotesk-Bold.ttf in Resources */,
				156576D51755F50A71F0E08E /* SpaceGrotesk-Medium.ttf in Resources */,
				1FC82D44803A100487309E60 /* SpaceGrotesk-Regular.ttf in Resources */,
				65258AE9AAB861535BCE1B82 /* swim_test.mp4 in Resources */,
			);
			runOnlyForDeploymentPostprocessing = 0;
		};
/* End PBXResourcesBuildPhase section */

/* Begin PBXSourcesBuildPhase section */
		4908D754B53E791559F8E6AF /* Sources */ = {
			isa = PBXSourcesBuildPhase;
			buildActionMask = 2147483647;
			files = (
				09F316FEB844DADD7BB56FA0 /* BiomechanicsEngineTests.swift in Sources */,
				76DA86DFB3778BE9E0ED8025 /* DrillCatalogTests.swift in Sources */,
				AA29DBE6EB93F2C57D6881FF /* FeatureExtractorTests.swift in Sources */,
				C2B20FFFF1976EEB632225AE /* FeedbackEngineTests.swift in Sources */,
				B273B39A76FC83B7EDA6EA92 /* FocusFaultTests.swift in Sources */,
				8D44D7ABE00975B59F50A23F /* IssueTrendTests.swift in Sources */,
				A25AF3BF4A7B97D169314265 /* IssueWindowTests.swift in Sources */,
				D07EC9D31F44F64DDB0BB8AE /* KeypointFrameTests.swift in Sources */,
				52704D0C93B4B8D1A0D50CAA /* LevelMathTests.swift in Sources */,
				CBCE9E2F7EDC6AEA156B6890 /* OverlayVideoExporterTests.swift in Sources */,
				EAE106B664BE5C00D6C46588 /* RealFootageFixtures.swift in Sources */,
				D4FC40C9EB68313869E54CDF /* RealFootageParityTests.swift in Sources */,
				1E434E4BF11307292CFCF251 /* ReportCardTests.swift in Sources */,
				48AB4C100E6842402B6589CF /* SessionComparisonTests.swift in Sources */,
				3765FE3260482B50917F927A /* SessionExportTests.swift in Sources */,
				859AD7AE16F22FD47E69B08B /* SessionFilterTests.swift in Sources */,
				13D90FB0157D9328BCD236C2 /* SwimSessionTests.swift in Sources */,
				116C5409AA0CEAE92A9B1410 /* SwimTCNRunnerTests.swift in Sources */,
				A3B1E9443D343FF9B5564F05 /* TrainingLogTests.swift in Sources */,
				2D3FB6852995E34951EDB73E /* VideoTransformTests.swift in Sources */,
			);
			runOnlyForDeploymentPostprocessing = 0;
		};
		BFB1E00DD94E1E74FE1885F1 /* Sources */ = {
			isa = PBXSourcesBuildPhase;
			buildActionMask = 2147483647;
			files = (
				2703249E05512D971EF62E81 /* SmokeUITests.swift in Sources */,
			);
			runOnlyForDeploymentPostprocessing = 0;
		};
		CCD2221A460B95124595516F /* Sources */ = {
			isa = PBXSourcesBuildPhase;
			buildActionMask = 2147483647;
			files = (
				1E33B457C06BD3FCBF26C983 /* AboutView.swift in Sources */,
				576F12DE83ED304722849181 /* AnalysisResult.swift in Sources */,
				78B84EAA41F09EB2FF2417A3 /* AnalyzingView.swift in Sources */,
				A83D57DAC1237DD9C5EC6ABC /* AppLog.swift in Sources */,
				310CB56C4250CC47283D5AD5 /* AppRouter.swift in Sources */,
				D6C634BFF07A295BE4B5C063 /* BiomechanicsEngine.swift in Sources */,
				A58B3D216C76EE2B7B9460C1 /* CameraManager.swift in Sources */,
				D457186B47170F1CE985F528 /* CameraView.swift in Sources */,
				4CE292A8943BD4E8BA57E2E1 /* CoachingService.swift in Sources */,
				596F90194883FCE42C428A75 /* CompareView.swift in Sources */,
				6F7E63FDBAC3120338F9FF7A /* DesignSystem.swift in Sources */,
				4529CE69E4735D29DD9A364E /* DrillCatalog.swift in Sources */,
				0DF63EA8693F3E7FFA9CA9F9 /* DrillPracticeEvent.swift in Sources */,
				5AC6297BE8258500F7D893CD /* DrillsView.swift in Sources */,
				3817ECA74C307C1A675BDD09 /* FeatureExtractor.swift in Sources */,
				15A029877A18065E055732B8 /* FeedbackEngine.swift in Sources */,
				88505CD0796817BAA863672C /* FocusFault.swift in Sources */,
				DB05C6679E2D249A3FD1BCBF /* Haptics.swift in Sources */,
				9AB3F3314B67D293DBB5D3F7 /* HistoryView.swift in Sources */,
				5F86F0DA01048214F3837B6A /* HomeCards.swift in Sources */,
				2815930944855657E8A7EB06 /* HomeView.swift in Sources */,
				672EC66C3ADDBBAC9CE60AD8 /* ImportedVideo.swift in Sources */,
				FC8EAEA27AFEDD75D67BAFF4 /* IssueRow.swift in Sources */,
				AB95CEAB12265A86D19CD3D7 /* IssueTimelineStrip.swift in Sources */,
				E81536F228A32D51B4F9E3C1 /* IssueTrend.swift in Sources */,
				B03EF14770A341DB035E8D42 /* IssueWindow.swift in Sources */,
				587186C09D23A6475D1168D5 /* KeypointFrame.swift in Sources */,
				1F6B827E4FD8ECD28321D4FA /* LevelMonitor.swift in Sources */,
				39A0758B17361B3A08098E43 /* OnboardingView.swift in Sources */,
				14B05EEA799271B4798D90B7 /* OverlayVideoExporter.swift in Sources */,
				425EEA4E5FE5FB6C3C333A82 /* PoseAnalyzer.swift in Sources */,
				A55C8C4B1FCE196C5B445113 /* ReportCardView.swift in Sources */,
				1196B0A2E342B9F875B025C3 /* ResultsView.swift in Sources */,
				944F046C848F3370BA9966DA /* RootView.swift in Sources */,
				DB8F20BAB9A95732C7862ABE /* SessionComparison.swift in Sources */,
				CBA6A54F8729E3AA33031F4E /* SessionExport.swift in Sources */,
				1F9FB56A83609471F8D87697 /* SessionFilter.swift in Sources */,
				2C037FB55C31ECC528152394 /* SessionVideoStore.swift in Sources */,
				EC86F60CC87902DDC7B82834 /* SkeletonOverlayView.swift in Sources */,
				96333E9BF629DC3E167FC3C7 /* Sparkline.swift in Sources */,
				882E09529C740DB2446619E9 /* SwimCoachApp.swift in Sources */,
				1761B3D81C1BE2041A855BFB /* SwimSession.swift in Sources */,
				7228F23CAD0D288891D943BC /* SwimTCNRunner.swift in Sources */,
				891CF910DEBA723A864C953E /* TechniqueIssue.swift in Sources */,
				4769E21B8981C4D77BF4D01B /* TrainingLog.swift in Sources */,
				D793450460E9BCA2A098D248 /* TrainingLogPanel.swift in Sources */,
				B21693A6CF7528E594204809 /* VideoTransform.swift in Sources */,
				F9E65DC9B6A9B81A6DF4B4C6 /* WeeklyGoalSheet.swift in Sources */,
				C02B70A87116FDBF215902FB /* WhatsNew.swift in Sources */,
				2B4A833E943ADA09095C2271 /* WhatsNewSheet.swift in Sources */,
				72DC4DEB5E73DCB89144453F /* swim_tcn.mlpackage in Sources */,
			);
			runOnlyForDeploymentPostprocessing = 0;
		};
/* End PBXSourcesBuildPhase section */

/* Begin PBXTargetDependency section */
		79ADD63486B2E577B2CFCBEB /* PBXTargetDependency */ = {
			isa = PBXTargetDependency;
			target = 101DD83805DD3500905E9CF4 /* SwimCoach */;
			targetProxy = 6575546202E3DCF9FD9A8001 /* PBXContainerItemProxy */;
		};
		8654E6088EB03F773AB8046B /* PBXTargetDependency */ = {
			isa = PBXTargetDependency;
			target = 101DD83805DD3500905E9CF4 /* SwimCoach */;
			targetProxy = 8568A3E3279E36BB7EEF9A8C /* PBXContainerItemProxy */;
		};
/* End PBXTargetDependency section */

/* Begin XCBuildConfiguration section */
		03138372CAD10D6A3C34AA5E /* Release */ = {
			isa = XCBuildConfiguration;
			buildSettings = {
				ALWAYS_SEARCH_USER_PATHS = NO;
				CLANG_ANALYZER_NONNULL = YES;
				CLANG_ANALYZER_NUMBER_OBJECT_CONVERSION = YES_AGGRESSIVE;
				CLANG_CXX_LANGUAGE_STANDARD = "gnu++14";
				CLANG_CXX_LIBRARY = "libc++";
				CLANG_ENABLE_MODULES = YES;
				CLANG_ENABLE_OBJC_ARC = YES;
				CLANG_ENABLE_OBJC_WEAK = YES;
				CLANG_WARN_BLOCK_CAPTURE_AUTORELEASING = YES;
				CLANG_WARN_BOOL_CONVERSION = YES;
				CLANG_WARN_COMMA = YES;
				CLANG_WARN_CONSTANT_CONVERSION = YES;
				CLANG_WARN_DEPRECATED_OBJC_IMPLEMENTATIONS = YES;
				CLANG_WARN_DIRECT_OBJC_ISA_USAGE = YES_ERROR;
				CLANG_WARN_DOCUMENTATION_COMMENTS = YES;
				CLANG_WARN_EMPTY_BODY = YES;
				CLANG_WARN_ENUM_CONVERSION = YES;
				CLANG_WARN_INFINITE_RECURSION = YES;
				CLANG_WARN_INT_CONVERSION = YES;
				CLANG_WARN_NON_LITERAL_NULL_CONVERSION = YES;
				CLANG_WARN_OBJC_IMPLICIT_RETAIN_SELF = YES;
				CLANG_WARN_OBJC_LITERAL_CONVERSION = YES;
				CLANG_WARN_OBJC_ROOT_CLASS = YES_ERROR;
				CLANG_WARN_QUOTED_INCLUDE_IN_FRAMEWORK_HEADER = YES;
				CLANG_WARN_RANGE_LOOP_ANALYSIS = YES;
				CLANG_WARN_STRICT_PROTOTYPES = YES;
				CLANG_WARN_SUSPICIOUS_MOVE = YES;
				CLANG_WARN_UNGUARDED_AVAILABILITY = YES_AGGRESSIVE;
				CLANG_WARN_UNREACHABLE_CODE = YES;
				CLANG_WARN__DUPLICATE_METHOD_MATCH = YES;
				CODE_SIGN_STYLE = Automatic;
				COPY_PHASE_STRIP = NO;
				CURRENT_PROJECT_VERSION = 45;
				DEBUG_INFORMATION_FORMAT = "dwarf-with-dsym";
				DEVELOPMENT_TEAM = 4VH58A4KM6;
				ENABLE_NS_ASSERTIONS = NO;
				ENABLE_STRICT_OBJC_MSGSEND = YES;
				GCC_C_LANGUAGE_STANDARD = gnu11;
				GCC_NO_COMMON_BLOCKS = YES;
				GCC_WARN_64_TO_32_BIT_CONVERSION = YES;
				GCC_WARN_ABOUT_RETURN_TYPE = YES_ERROR;
				GCC_WARN_UNDECLARED_SELECTOR = YES;
				GCC_WARN_UNINITIALIZED_AUTOS = YES_AGGRESSIVE;
				GCC_WARN_UNUSED_FUNCTION = YES;
				GCC_WARN_UNUSED_VARIABLE = YES;
				IPHONEOS_DEPLOYMENT_TARGET = 17.0;
				MARKETING_VERSION = 1.33.0;
				MTL_ENABLE_DEBUG_INFO = NO;
				MTL_FAST_MATH = YES;
				PRODUCT_NAME = "$(TARGET_NAME)";
				SDKROOT = iphoneos;
				SWIFT_COMPILATION_MODE = wholemodule;
				SWIFT_OPTIMIZATION_LEVEL = "-O";
				SWIFT_VERSION = 5;
			};
			name = Release;
		};
		04C12818B65BD6EC0D4EDFC7 /* Debug */ = {
			isa = XCBuildConfiguration;
			buildSettings = {
				BUNDLE_LOADER = "$(TEST_HOST)";
				GENERATE_INFOPLIST_FILE = YES;
				LD_RUNPATH_SEARCH_PATHS = (
					"$(inherited)",
					"@executable_path/Frameworks",
					"@loader_path/Frameworks",
				);
				PRODUCT_BUNDLE_IDENTIFIER = com.arnavkewalram.SwimCoachUITests;
				SDKROOT = iphoneos;
				SWIFT_VERSION = 5;
				TARGETED_DEVICE_FAMILY = "1,2";
				TEST_TARGET_NAME = SwimCoach;
			};
			name = Debug;
		};
		0CE2589D63D4CE326EE8711E /* Debug */ = {
			isa = XCBuildConfiguration;
			buildSettings = {
				BUNDLE_LOADER = "$(TEST_HOST)";
				GENERATE_INFOPLIST_FILE = YES;
				LD_RUNPATH_SEARCH_PATHS = (
					"$(inherited)",
					"@executable_path/Frameworks",
					"@loader_path/Frameworks",
				);
				PRODUCT_BUNDLE_IDENTIFIER = com.arnavkewalram.SwimCoachTests;
				SDKROOT = iphoneos;
				SWIFT_VERSION = 5;
				TARGETED_DEVICE_FAMILY = "1,2";
				TEST_HOST = "$(BUILT_PRODUCTS_DIR)/SwimCoach.app/$(BUNDLE_EXECUTABLE_FOLDER_PATH)/SwimCoach";
			};
			name = Debug;
		};
		0F27B6B7D58A970D4D221A35 /* Release */ = {
			isa = XCBuildConfiguration;
			buildSettings = {
				BUNDLE_LOADER = "$(TEST_HOST)";
				GENERATE_INFOPLIST_FILE = YES;
				LD_RUNPATH_SEARCH_PATHS = (
					"$(inherited)",
					"@executable_path/Frameworks",
					"@loader_path/Frameworks",
				);
				PRODUCT_BUNDLE_IDENTIFIER = com.arnavkewalram.SwimCoachUITests;
				SDKROOT = iphoneos;
				SWIFT_VERSION = 5;
				TARGETED_DEVICE_FAMILY = "1,2";
				TEST_TARGET_NAME = SwimCoach;
			};
			name = Release;
		};
		518A25460A378A135536977A /* Debug */ = {
			isa = XCBuildConfiguration;
			buildSettings = {
				ASSETCATALOG_COMPILER_APPICON_NAME = AppIcon;
				CODE_SIGN_IDENTITY = "iPhone Developer";
				INFOPLIST_FILE = SwimCoach/Info.plist;
				LD_RUNPATH_SEARCH_PATHS = (
					"$(inherited)",
					"@executable_path/Frameworks",
				);
				PRODUCT_BUNDLE_IDENTIFIER = com.arnavkewalram.SwimCoach;
				SDKROOT = iphoneos;
				SWIFT_VERSION = 5;
				TARGETED_DEVICE_FAMILY = 1;
			};
			name = Debug;
		};
		98750CF93F926564239931B2 /* Release */ = {
			isa = XCBuildConfiguration;
			buildSettings = {
				ASSETCATALOG_COMPILER_APPICON_NAME = AppIcon;
				CODE_SIGN_IDENTITY = "iPhone Developer";
				INFOPLIST_FILE = SwimCoach/Info.plist;
				LD_RUNPATH_SEARCH_PATHS = (
					"$(inherited)",
					"@executable_path/Frameworks",
				);
				PRODUCT_BUNDLE_IDENTIFIER = com.arnavkewalram.SwimCoach;
				SDKROOT = iphoneos;
				SWIFT_VERSION = 5;
				TARGETED_DEVICE_FAMILY = 1;
			};
			name = Release;
		};
		9903B06A56AC0832F9916BEF /* Release */ = {
			isa = XCBuildConfiguration;
			buildSettings = {
				BUNDLE_LOADER = "$(TEST_HOST)";
				GENERATE_INFOPLIST_FILE = YES;
				LD_RUNPATH_SEARCH_PATHS = (
					"$(inherited)",
					"@executable_path/Frameworks",
					"@loader_path/Frameworks",
				);
				PRODUCT_BUNDLE_IDENTIFIER = com.arnavkewalram.SwimCoachTests;
				SDKROOT = iphoneos;
				SWIFT_VERSION = 5;
				TARGETED_DEVICE_FAMILY = "1,2";
				TEST_HOST = "$(BUILT_PRODUCTS_DIR)/SwimCoach.app/$(BUNDLE_EXECUTABLE_FOLDER_PATH)/SwimCoach";
			};
			name = Release;
		};
		C42D8411764008D64C4D9B18 /* Debug */ = {
			isa = XCBuildConfiguration;
			buildSettings = {
				ALWAYS_SEARCH_USER_PATHS = NO;
				CLANG_ANALYZER_NONNULL = YES;
				CLANG_ANALYZER_NUMBER_OBJECT_CONVERSION = YES_AGGRESSIVE;
				CLANG_CXX_LANGUAGE_STANDARD = "gnu++14";
				CLANG_CXX_LIBRARY = "libc++";
				CLANG_ENABLE_MODULES = YES;
				CLANG_ENABLE_OBJC_ARC = YES;
				CLANG_ENABLE_OBJC_WEAK = YES;
				CLANG_WARN_BLOCK_CAPTURE_AUTORELEASING = YES;
				CLANG_WARN_BOOL_CONVERSION = YES;
				CLANG_WARN_COMMA = YES;
				CLANG_WARN_CONSTANT_CONVERSION = YES;
				CLANG_WARN_DEPRECATED_OBJC_IMPLEMENTATIONS = YES;
				CLANG_WARN_DIRECT_OBJC_ISA_USAGE = YES_ERROR;
				CLANG_WARN_DOCUMENTATION_COMMENTS = YES;
				CLANG_WARN_EMPTY_BODY = YES;
				CLANG_WARN_ENUM_CONVERSION = YES;
				CLANG_WARN_INFINITE_RECURSION = YES;
				CLANG_WARN_INT_CONVERSION = YES;
				CLANG_WARN_NON_LITERAL_NULL_CONVERSION = YES;
				CLANG_WARN_OBJC_IMPLICIT_RETAIN_SELF = YES;
				CLANG_WARN_OBJC_LITERAL_CONVERSION = YES;
				CLANG_WARN_OBJC_ROOT_CLASS = YES_ERROR;
				CLANG_WARN_QUOTED_INCLUDE_IN_FRAMEWORK_HEADER = YES;
				CLANG_WARN_RANGE_LOOP_ANALYSIS = YES;
				CLANG_WARN_STRICT_PROTOTYPES = YES;
				CLANG_WARN_SUSPICIOUS_MOVE = YES;
				CLANG_WARN_UNGUARDED_AVAILABILITY = YES_AGGRESSIVE;
				CLANG_WARN_UNREACHABLE_CODE = YES;
				CLANG_WARN__DUPLICATE_METHOD_MATCH = YES;
				CODE_SIGN_STYLE = Automatic;
				COPY_PHASE_STRIP = NO;
				CURRENT_PROJECT_VERSION = 45;
				DEBUG_INFORMATION_FORMAT = dwarf;
				DEVELOPMENT_TEAM = 4VH58A4KM6;
				ENABLE_STRICT_OBJC_MSGSEND = YES;
				ENABLE_TESTABILITY = YES;
				GCC_C_LANGUAGE_STANDARD = gnu11;
				GCC_DYNAMIC_NO_PIC = NO;
				GCC_NO_COMMON_BLOCKS = YES;
				GCC_OPTIMIZATION_LEVEL = 0;
				GCC_PREPROCESSOR_DEFINITIONS = (
					"$(inherited)",
					"DEBUG=1",
				);
				GCC_WARN_64_TO_32_BIT_CONVERSION = YES;
				GCC_WARN_ABOUT_RETURN_TYPE = YES_ERROR;
				GCC_WARN_UNDECLARED_SELECTOR = YES;
				GCC_WARN_UNINITIALIZED_AUTOS = YES_AGGRESSIVE;
				GCC_WARN_UNUSED_FUNCTION = YES;
				GCC_WARN_UNUSED_VARIABLE = YES;
				IPHONEOS_DEPLOYMENT_TARGET = 17.0;
				MARKETING_VERSION = 1.33.0;
				MTL_ENABLE_DEBUG_INFO = INCLUDE_SOURCE;
				MTL_FAST_MATH = YES;
				ONLY_ACTIVE_ARCH = YES;
				PRODUCT_NAME = "$(TARGET_NAME)";
				SDKROOT = iphoneos;
				SWIFT_ACTIVE_COMPILATION_CONDITIONS = DEBUG;
				SWIFT_OPTIMIZATION_LEVEL = "-Onone";
				SWIFT_VERSION = 5;
			};
			name = Debug;
		};
/* End XCBuildConfiguration section */

/* Begin XCConfigurationList section */
		008CC1079702032A5836EE2B /* Build configuration list for PBXProject "SwimCoach" */ = {
			isa = XCConfigurationList;
			buildConfigurations = (
				C42D8411764008D64C4D9B18 /* Debug */,
				03138372CAD10D6A3C34AA5E /* Release */,
			);
			defaultConfigurationIsVisible = 0;
			defaultConfigurationName = Debug;
		};
		0630274A64001428EC0BC458 /* Build configuration list for PBXNativeTarget "SwimCoachUITests" */ = {
			isa = XCConfigurationList;
			buildConfigurations = (
				04C12818B65BD6EC0D4EDFC7 /* Debug */,
				0F27B6B7D58A970D4D221A35 /* Release */,
			);
			defaultConfigurationIsVisible = 0;
			defaultConfigurationName = Debug;
		};
		452CDC7648D173302D66CD0D /* Build configuration list for PBXNativeTarget "SwimCoachTests" */ = {
			isa = XCConfigurationList;
			buildConfigurations = (
				0CE2589D63D4CE326EE8711E /* Debug */,
				9903B06A56AC0832F9916BEF /* Release */,
			);
			defaultConfigurationIsVisible = 0;
			defaultConfigurationName = Debug;
		};
		9C59477B52C910D60751F38F /* Build configuration list for PBXNativeTarget "SwimCoach" */ = {
			isa = XCConfigurationList;
			buildConfigurations = (
				518A25460A378A135536977A /* Debug */,
				98750CF93F926564239931B2 /* Release */,
			);
			defaultConfigurationIsVisible = 0;
			defaultConfigurationName = Debug;
		};
/* End XCConfigurationList section */
	};
	rootObject = BB7B44C2545CE763E636EDD1 /* Project object */;
}
